// !$*UTF8*$!
{
	archiveVersion = 1;
	classes = {
	};
	objectVersion = 55;
	objects = {

/* Begin PBXBuildFile section */
		23BD052727985E930002C82E /* swiftCombineApp.swift in Sources */ = {isa = PBXBuildFile; fileRef = 23BD052627985E930002C82E /* swiftCombineApp.swift */; };
		23BD052927985E930002C82E /* ContentView.swift in Sources */ = {isa = PBXBuildFile; fileRef = 23BD052827985E930002C82E /* ContentView.swift */; };
		23BD052B27985E940002C82E /* Assets.xcassets in Resources */ = {isa = PBXBuildFile; fileRef = 23BD052A27985E940002C82E /* Assets.xcassets */; };
		23BD052E27985E940002C82E /* Preview Assets.xcassets in Resources */ = {isa = PBXBuildFile; fileRef = 23BD052D27985E940002C82E /* Preview Assets.xcassets */; };
		23BD053527985FED0002C82E /* TextValidatorView.swift in Sources */ = {isa = PBXBuildFile; fileRef = 23BD053427985FED0002C82E /* TextValidatorView.swift */; };
		23BD05372798719E0002C82E /* TextValidatorWithSink.swift in Sources */ = {isa = PBXBuildFile; fileRef = 23BD05362798719E0002C82E /* TextValidatorWithSink.swift */; };
		23BD053927987FB70002C82E /* TextValidatorCancelMultiplePipelinesView.swift in Sources */ = {isa = PBXBuildFile; fileRef = 23BD053827987FB70002C82E /* TextValidatorCancelMultiplePipelinesView.swift */; };
		23C05653279C83640064F0AC /* StopPipelineWithEmptyView.swift in Sources */ = {isa = PBXBuildFile; fileRef = 23C05652279C83640064F0AC /* StopPipelineWithEmptyView.swift */; };
/* End PBXBuildFile section */

/* Begin PBXFileReference section */
		23BD052327985E930002C82E /* swiftCombine.app */ = {isa = PBXFileReference; explicitFileType = wrapper.application; includeInIndex = 0; path = swiftCombine.app; sourceTree = BUILT_PRODUCTS_DIR; };
		23BD052627985E930002C82E /* swiftCombineApp.swift */ = {isa = PBXFileReference; lastKnownFileType = sourcecode.swift; path = swiftCombineApp.swift; sourceTree = "<group>"; };
		23BD052827985E930002C82E /* ContentView.swift */ = {isa = PBXFileReference; lastKnownFileType = sourcecode.swift; path = ContentView.swift; sourceTree = "<group>"; };
		23BD052A27985E940002C82E /* Assets.xcassets */ = {isa = PBXFileReference; lastKnownFileType = folder.assetcatalog; path = Assets.xcassets; sourceTree = "<group>"; };
		23BD052D27985E940002C82E /* Preview Assets.xcassets */ = {isa = PBXFileReference; lastKnownFileType = folder.assetcatalog; path = "Preview Assets.xcassets"; sourceTree = "<group>"; };
		23BD053427985FED0002C82E /* TextValidatorView.swift */ = {isa = PBXFileReference; lastKnownFileType = sourcecode.swift; path = TextValidatorView.swift; sourceTree = "<group>"; };
		23BD05362798719E0002C82E /* TextValidatorWithSink.swift */ = {isa = PBXFileReference; lastKnownFileType = sourcecode.swift; path = TextValidatorWithSink.swift; sourceTree = "<group>"; };
		23BD053827987FB70002C82E /* TextValidatorCancelMultiplePipelinesView.swift */ = {isa = PBXFileReference; lastKnownFileType = sourcecode.swift; path = TextValidatorCancelMultiplePipelinesView.swift; sourceTree = "<group>"; };
		23C05652279C83640064F0AC /* StopPipelineWithEmptyView.swift */ = {isa = PBXFileReference; lastKnownFileType = sourcecode.swift; path = StopPipelineWithEmptyView.swift; sourceTree = "<group>"; };
/* End PBXFileReference section */

/* Begin PBXFrameworksBuildPhase section */
		23BD052027985E930002C82E /* Frameworks */ = {
			isa = PBXFrameworksBuildPhase;
			buildActionMask = 2147483647;
			files = (
			);
			runOnlyForDeploymentPostprocessing = 0;
		};
/* End PBXFrameworksBuildPhase section */

/* Begin PBXGroup section */
		23BD051A27985E930002C82E = {
			isa = PBXGroup;
			children = (
				23BD052527985E930002C82E /* swiftCombine */,
				23BD052427985E930002C82E /* Products */,
			);
			sourceTree = "<group>";
		};
		23BD052427985E930002C82E /* Products */ = {
			isa = PBXGroup;
			children = (
				23BD052327985E930002C82E /* swiftCombine.app */,
			);
			name = Products;
			sourceTree = "<group>";
		};
		23BD052527985E930002C82E /* swiftCombine */ = {
			isa = PBXGroup;
			children = (
				23BD052627985E930002C82E /* swiftCombineApp.swift */,
				23BD052827985E930002C82E /* ContentView.swift */,
				23BD053427985FED0002C82E /* TextValidatorView.swift */,
				23BD05362798719E0002C82E /* TextValidatorWithSink.swift */,
				23BD053827987FB70002C82E /* TextValidatorCancelMultiplePipelinesView.swift */,
				23C05652279C83640064F0AC /* StopPipelineWithEmptyView.swift */,
				23BD052A27985E940002C82E /* Assets.xcassets */,
				23BD052C27985E940002C82E /* Preview Content */,
			);
			path = swiftCombine;
			sourceTree = "<group>";
		};
		23BD052C27985E940002C82E /* Preview Content */ = {
			isa = PBXGroup;
			children = (
				23BD052D27985E940002C82E /* Preview Assets.xcassets */,
			);
			path = "Preview Content";
			sourceTree = "<group>";
		};
/* End PBXGroup section */

/* Begin PBXNativeTarget section */
		23BD052227985E930002C82E /* swiftCombine */ = {
			isa = PBXNativeTarget;
			buildConfigurationList = 23BD053127985E940002C82E /* Build configuration list for PBXNativeTarget "swiftCombine" */;
			buildPhases = (
				23BD051F27985E930002C82E /* Sources */,
				23BD052027985E930002C82E /* Frameworks */,
				23BD052127985E930002C82E /* Resources */,
			);
			buildRules = (
			);
			dependencies = (
			);
			name = swiftCombine;
			productName = swiftCombine;
			productReference = 23BD052327985E930002C82E /* swiftCombine.app */;
			productType = "com.apple.product-type.application";
		};
/* End PBXNativeTarget section */

/* Begin PBXProject section */
		23BD051B27985E930002C82E /* Project object */ = {
			isa = PBXProject;
			attributes = {
				BuildIndependentTargetsInParallel = 1;
				LastSwiftUpdateCheck = 1320;
				LastUpgradeCheck = 1320;
				TargetAttributes = {
					23BD052227985E930002C82E = {
						CreatedOnToolsVersion = 13.2.1;
					};
				};
			};
			buildConfigurationList = 23BD051E27985E930002C82E /* Build configuration list for PBXProject "swiftCombine" */;
			compatibilityVersion = "Xcode 13.0";
			developmentRegion = en;
			hasScannedForEncodings = 0;
			knownRegions = (
				en,
				Base,
			);
			mainGroup = 23BD051A27985E930002C82E;
			productRefGroup = 23BD052427985E930002C82E /* Products */;
			projectDirPath = "";
			projectRoot = "";
			targets = (
				23BD052227985E930002C82E /* swiftCombine */,
			);
		};
/* End PBXProject section */

/* Begin PBXResourcesBuildPhase section */
		23BD052127985E930002C82E /* Resources */ = {
			isa = PBXResourcesBuildPhase;
			buildActionMask = 2147483647;
			files = (
				23BD052E27985E940002C82E /* Preview Assets.xcassets in Resources */,
				23BD052B27985E940002C82E /* Assets.xcassets in Resources */,
			);
			runOnlyForDeploymentPostprocessing = 0;
		};
/* End PBXResourcesBuildPhase section */

/* Begin PBXSourcesBuildPhase section */
		23BD051F27985E930002C82E /* Sources */ = {
			isa = PBXSourcesBuildPhase;
			buildActionMask = 2147483647;
			files = (
				23BD052927985E930002C82E /* ContentView.swift in Sources */,
				23BD053927987FB70002C82E /* TextValidatorCancelMultiplePipelinesView.swift in Sources */,
				23C05653279C83640064F0AC /* StopPipelineWithEmptyView.swift in Sources */,
				23BD053527985FED0002C82E /* TextValidatorView.swift in Sources */,
				23BD05372798719E0002C82E /* TextValidatorWithSink.swift in Sources */,
				23BD052727985E930002C82E /* swiftCombineApp.swift in Sources */,
			);
			runOnlyForDeploymentPostprocessing = 0;
		};
/* End PBXSourcesBuildPhase section */

/* Begin XCBuildConfiguration section */
		23BD052F27985E940002C82E /* Debug */ = {
			isa = XCBuildConfiguration;
			buildSettings = {
				ALWAYS_SEARCH_USER_PATHS = NO;
				CLANG_ANALYZER_NONNULL = YES;
				CLANG_ANALYZER_NUMBER_OBJECT_CONVERSION = YES_AGGRESSIVE;
				CLANG_CXX_LANGUAGE_STANDARD = "gnu++17";
				CLANG_CXX_LIBRARY = "libc++";
				CLANG_ENABLE_MODULES = YES;
				CLANG_ENABLE_OBJC_ARC = YES;
				CLANG_ENABLE_OBJC_WEAK = YES;
				CLANG_WARN_BLOCK_CAPTURE_AUTORELEASING = YES;
				CLANG_WARN_BOOL_CONVERSION = YES;
				CLANG_WARN_COMMA = YES;
				CLANG_WARN_CONSTANT_CONVERSION = YES;
				CLANG_WARN_DEPRECATED_OBJC_IMPLEMENTATIONS = YES;
				CLANG_WARN_DIRECT_OBJC_ISA_USAGE = YES_ERROR;
				CLANG_WARN_DOCUMENTATION_COMMENTS = YES;
				CLANG_WARN_EMPTY_BODY = YES;
				CLANG_WARN_ENUM_CONVERSION = YES;
				CLANG_WARN_INFINITE_RECURSION = YES;
				CLANG_WARN_INT_CONVERSION = YES;
				CLANG_WARN_NON_LITERAL_NULL_CONVERSION = YES;
				CLANG_WARN_OBJC_IMPLICIT_RETAIN_SELF = YES;
				CLANG_WARN_OBJC_LITERAL_CONVERSION = YES;
				CLANG_WARN_OBJC_ROOT_CLASS = YES_ERROR;
				CLANG_WARN_QUOTED_INCLUDE_IN_FRAMEWORK_HEADER = YES;
				CLANG_WARN_RANGE_LOOP_ANALYSIS = YES;
				CLANG_WARN_STRICT_PROTOTYPES = YES;
				CLANG_WARN_SUSPICIOUS_MOVE = YES;
				CLANG_WARN_UNGUARDED_AVAILABILITY = YES_AGGRESSIVE;
				CLANG_WARN_UNREACHABLE_CODE = YES;
				CLANG_WARN__DUPLICATE_METHOD_MATCH = YES;
				COPY_PHASE_STRIP = NO;
				DEBUG_INFORMATION_FORMAT = dwarf;
				ENABLE_STRICT_OBJC_MSGSEND = YES;
				ENABLE_TESTABILITY = YES;
				GCC_C_LANGUAGE_STANDARD = gnu11;
				GCC_DYNAMIC_NO_PIC = NO;
				GCC_NO_COMMON_BLOCKS = YES;
				GCC_OPTIMIZATION_LEVEL = 0;
				GCC_PREPROCESSOR_DEFINITIONS = (
					"DEBUG=1",
					"$(inherited)",
				);
				GCC_WARN_64_TO_32_BIT_CONVERSION = YES;
				GCC_WARN_ABOUT_RETURN_TYPE = YES_ERROR;
				GCC_WARN_UNDECLARED_SELECTOR = YES;
				GCC_WARN_UNINITIALIZED_AUTOS = YES_AGGRESSIVE;
				GCC_WARN_UNUSED_FUNCTION = YES;
				GCC_WARN_UNUSED_VARIABLE = YES;
				IPHONEOS_DEPLOYMENT_TARGET = 15.2;
				MTL_ENABLE_DEBUG_INFO = INCLUDE_SOURCE;
				MTL_FAST_MATH = YES;
				ONLY_ACTIVE_ARCH = YES;
				SDKROOT = iphoneos;
				SWIFT_ACTIVE_COMPILATION_CONDITIONS = DEBUG;
				SWIFT_OPTIMIZATION_LEVEL = "-Onone";
			};
			name = Debug;
		};
		23BD053027985E940002C82E /* Release */ = {
			isa = XCBuildConfiguration;
			buildSettings = {
				ALWAYS_SEARCH_USER_PATHS = NO;
				CLANG_ANALYZER_NONNULL = YES;
				CLANG_ANALYZER_NUMBER_OBJECT_CONVERSION = YES_AGGRESSIVE;
				CLANG_CXX_LANGUAGE_STANDARD = "gnu++17";
				CLANG_CXX_LIBRARY = "libc++";
				CLANG_ENABLE_MODULES = YES;
				CLANG_ENABLE_OBJC_ARC = YES;
				CLANG_ENABLE_OBJC_WEAK = YES;
				CLANG_WARN_BLOCK_CAPTURE_AUTORELEASING = YES;
				CLANG_WARN_BOOL_CONVERSION = YES;
				CLANG_WARN_COMMA = YES;
				CLANG_WARN_CONSTANT_CONVERSION = YES;
				CLANG_WARN_DEPRECATED_OBJC_IMPLEMENTATIONS = YES;
				CLANG_WARN_DIRECT_OBJC_ISA_USAGE = YES_ERROR;
				CLANG_WARN_DOCUMENTATION_COMMENTS = YES;
				CLANG_WARN_EMPTY_BODY = YES;
				CLANG_WARN_ENUM_CONVERSION = YES;
				CLANG_WARN_INFINITE_RECURSION = YES;
				CLANG_WARN_INT_CONVERSION = YES;
				CLANG_WARN_NON_LITERAL_NULL_CONVERSION = YES;
				CLANG_WARN_OBJC_IMPLICIT_RETAIN_SELF = YES;
				CLANG_WARN_OBJC_LITERAL_CONVERSION = YES;
				CLANG_WARN_OBJC_ROOT_CLASS = YES_ERROR;
				CLANG_WARN_QUOTED_INCLUDE_IN_FRAMEWORK_HEADER = YES;
				CLANG_WARN_RANGE_LOOP_ANALYSIS = YES;
				CLANG_WARN_STRICT_PROTOTYPES = YES;
				CLANG_WARN_SUSPICIOUS_MOVE = YES;
				CLANG_WARN_UNGUARDED_AVAILABILITY = YES_AGGRESSIVE;
				CLANG_WARN_UNREACHABLE_CODE = YES;
				CLANG_WARN__DUPLICATE_METHOD_MATCH = YES;
				COPY_PHASE_STRIP = NO;
				DEBUG_INFORMATION_FORMAT = "dwarf-with-dsym";
				ENABLE_NS_ASSERTIONS = NO;
				ENABLE_STRICT_OBJC_MSGSEND = YES;
				GCC_C_LANGUAGE_STANDARD = gnu11;
				GCC_NO_COMMON_BLOCKS = YES;
				GCC_WARN_64_TO_32_BIT_CONVERSION = YES;
				GCC_WARN_ABOUT_RETURN_TYPE = YES_ERROR;
				GCC_WARN_UNDECLARED_SELECTOR = YES;
				GCC_WARN_UNINITIALIZED_AUTOS = YES_AGGRESSIVE;
				GCC_WARN_UNUSED_FUNCTION = YES;
				GCC_WARN_UNUSED_VARIABLE = YES;
				IPHONEOS_DEPLOYMENT_TARGET = 15.2;
				MTL_ENABLE_DEBUG_INFO = NO;
				MTL_FAST_MATH = YES;
				SDKROOT = iphoneos;
				SWIFT_COMPILATION_MODE = wholemodule;
				SWIFT_OPTIMIZATION_LEVEL = "-O";
				VALIDATE_PRODUCT = YES;
			};
			name = Release;
		};
		23BD053227985E940002C82E /* Debug */ = {
			isa = XCBuildConfiguration;
			buildSettings = {
				ASSETCATALOG_COMPILER_APPICON_NAME = AppIcon;
				ASSETCATALOG_COMPILER_GLOBAL_ACCENT_COLOR_NAME = AccentColor;
				CODE_SIGN_STYLE = Automatic;
				CURRENT_PROJECT_VERSION = 1;
				DEVELOPMENT_ASSET_PATHS = "\"swiftCombine/Preview Content\"";
				DEVELOPMENT_TEAM = X37S278753;
				ENABLE_PREVIEWS = YES;
				GENERATE_INFOPLIST_FILE = YES;
				INFOPLIST_KEY_UIApplicationSceneManifest_Generation = YES;
				INFOPLIST_KEY_UIApplicationSupportsIndirectInputEvents = YES;
				INFOPLIST_KEY_UILaunchScreen_Generation = YES;
				INFOPLIST_KEY_UISupportedInterfaceOrientations_iPad = "UIInterfaceOrientationPortrait UIInterfaceOrientationPortraitUpsideDown UIInterfaceOrientationLandscapeLeft UIInterfaceOrientationLandscapeRight";
				INFOPLIST_KEY_UISupportedInterfaceOrientations_iPhone = "UIInterfaceOrientationPortrait UIInterfaceOrientationLandscapeLeft UIInterfaceOrientationLandscapeRight";
				LD_RUNPATH_SEARCH_PATHS = (
					"$(inherited)",
					"@executable_path/Frameworks",
				);
				MARKETING_VERSION = 1.0;
				PRODUCT_BUNDLE_IDENTIFIER = io.mabus.swiftCombine;
				PRODUCT_NAME = "$(TARGET_NAME)";
				SWIFT_EMIT_LOC_STRINGS = YES;
				SWIFT_VERSION = 5.0;
				TARGETED_DEVICE_FAMILY = "1,2";
			};
			name = Debug;
		};
		23BD053327985E940002C82E /* Release */ = {
			isa = XCBuildConfiguration;
			buildSettings = {
				ASSETCATALOG_COMPILER_APPICON_NAME = AppIcon;
				ASSETCATALOG_COMPILER_GLOBAL_ACCENT_COLOR_NAME = AccentColor;
				CODE_SIGN_STYLE = Automatic;
				CURRENT_PROJECT_VERSION = 1;
				DEVELOPMENT_ASSET_PATHS = "\"swiftCombine/Preview Content\"";
				DEVELOPMENT_TEAM = X37S278753;
				ENABLE_PREVIEWS = YES;
				GENERATE_INFOPLIST_FILE = YES;
				INFOPLIST_KEY_UIApplicationSceneManifest_Generation = YES;
				INFOPLIST_KEY_UIApplicationSupportsIndirectInputEvents = YES;
				INFOPLIST_KEY_UILaunchScreen_Generation = YES;
				INFOPLIST_KEY_UISupportedInterfaceOrientations_iPad = "UIInterfaceOrientationPortrait UIInterfaceOrientationPortraitUpsideDown UIInterfaceOrientationLandscapeLeft UIInterfaceOrientationLandscapeRight";
				INFOPLIST_KEY_UISupportedInterfaceOrientations_iPhone = "UIInterfaceOrientationPortrait UIInterfaceOrientationLandscapeLeft UIInterfaceOrientationLandscapeRight";
				LD_RUNPATH_SEARCH_PATHS = (
					"$(inherited)",
					"@executable_path/Frameworks",
				);
				MARKETING_VERSION = 1.0;
				PRODUCT_BUNDLE_IDENTIFIER = io.mabus.swiftCombine;
				PRODUCT_NAME = "$(TARGET_NAME)";
				SWIFT_EMIT_LOC_STRINGS = YES;
				SWIFT_VERSION = 5.0;
				TARGETED_DEVICE_FAMILY = "1,2";
			};
			name = Release;
		};
/* End XCBuildConfiguration section */

/* Begin XCConfigurationList section */
		23BD051E27985E930002C82E /* Build configuration list for PBXProject "swiftCombine" */ = {
			isa = XCConfigurationList;
			buildConfigurations = (
				23BD052F27985E940002C82E /* Debug */,
				23BD053027985E940002C82E /* Release */,
			);
			defaultConfigurationIsVisible = 0;
			defaultConfigurationName = Release;
		};
		23BD053127985E940002C82E /* Build configuration list for PBXNativeTarget "swiftCombine" */ = {
			isa = XCConfigurationList;
			buildConfigurations = (
				23BD053227985E940002C82E /* Debug */,
				23BD053327985E940002C82E /* Release */,
			);
			defaultConfigurationIsVisible = 0;
			defaultConfigurationName = Release;
		};
/* End XCConfigurationList section */
	};
	rootObject = 23BD051B27985E930002C82E /* Project object */;
}
